
Microsoft Visual Studio Solution File, Format Version 12.00
# Visual Studio Version 17
VisualStudioVersion = 17.10.35027.167
MinimumVisualStudioVersion = 10.0.40219.1
Project("{FAE04EC0-301F-11D3-BF4B-00C04F79EFBC}") = "CalculadoraComRepeticoes", "CalculadoraComRepeticoes\CalculadoraComRepeticoes.csproj", "{B58C1284-51F4-4845-BB84-BEADE2E40015}"
EndProject
Global
	GlobalSection(SolutionConfigurationPlatforms) = preSolution
		Debug|Any CPU = Debug|Any CPU
		Release|Any CPU = Release|Any CPU
	EndGlobalSection
	GlobalSection(ProjectConfigurationPlatforms) = postSolution
		{B58C1284-51F4-4845-BB84-BEADE2E40015}.Debug|Any CPU.ActiveCfg = Debug|Any CPU
		{B58C1284-51F4-4845-BB84-BEADE2E40015}.Debug|Any CPU.Build.0 = Debug|Any CPU
		{B58C1284-51F4-4845-BB84-BEADE2E40015}.Release|Any CPU.ActiveCfg = Release|Any CPU
		{B58C1284-51F4-4845-BB84-BEADE2E40015}.Release|Any CPU.Build.0 = Release|Any CPU
	EndGlobalSection
	GlobalSection(SolutionProperties) = preSolution
		HideSolutionNode = FALSE
	EndGlobalSection
	GlobalSection(ExtensibilityGlobals) = postSolution
		SolutionGuid = {26A27C65-7CAB-4C76-A019-FB9315E8FCE3}
	EndGlobalSection
EndGlobal
